
Microsoft Visual Studio Solution File, Format Version 12.00
# Visual Studio Version 17
VisualStudioVersion = 17.11.35312.102
MinimumVisualStudioVersion = 10.0.40219.1
Project("{9A19103F-16F7-4668-BE54-9A1E7A4F7556}") = "IdentityAppCookie.Web", "IdentityAppCookie.Web\IdentityAppCookie.Web.csproj", "{9736EC6F-F45C-431A-878F-26A0075037FB}"
EndProject
Project("{FAE04EC0-301F-11D3-BF4B-00C04F79EFBC}") = "IdentityAppCookie.Service", "IdentityAppCookie.Service\IdentityAppCookie.Service.csproj", "{63F4D98E-67BD-41FA-9B29-FB255C552C40}"
EndProject
Project("{FAE04EC0-301F-11D3-BF4B-00C04F79EFBC}") = "IdentityAppCookie.Repository", "IdentityAppCookie.Repository\IdentityAppCookie.Repository.csproj", "{6BFA476C-3958-4D77-9AA5-014BD99C2358}"
EndProject
Project("{FAE04EC0-301F-11D3-BF4B-00C04F79EFBC}") = "IdentityAppCookie.Core", "IdentityAppCookie.Core\IdentityAppCookie.Core.csproj", "{3C8A01A9-79A6-455E-88D2-BD28B15A42D0}"
EndProject
Global
	GlobalSection(SolutionConfigurationPlatforms) = preSolution
		Debug|Any CPU = Debug|Any CPU
		Release|Any CPU = Release|Any CPU
	EndGlobalSection
	GlobalSection(ProjectConfigurationPlatforms) = postSolution
		{9736EC6F-F45C-431A-878F-26A0075037FB}.Debug|Any CPU.ActiveCfg = Debug|Any CPU
		{9736EC6F-F45C-431A-878F-26A0075037FB}.Debug|Any CPU.Build.0 = Debug|Any CPU
		{9736EC6F-F45C-431A-878F-26A0075037FB}.Release|Any CPU.ActiveCfg = Release|Any CPU
		{9736EC6F-F45C-431A-878F-26A0075037FB}.Release|Any CPU.Build.0 = Release|Any CPU
		{63F4D98E-67BD-41FA-9B29-FB255C552C40}.Debug|Any CPU.ActiveCfg = Debug|Any CPU
		{63F4D98E-67BD-41FA-9B29-FB255C552C40}.Debug|Any CPU.Build.0 = Debug|Any CPU
		{63F4D98E-67BD-41FA-9B29-FB255C552C40}.Release|Any CPU.ActiveCfg = Release|Any CPU
		{63F4D98E-67BD-41FA-9B29-FB255C552C40}.Release|Any CPU.Build.0 = Release|Any CPU
		{6BFA476C-3958-4D77-9AA5-014BD99C2358}.Debug|Any CPU.ActiveCfg = Debug|Any CPU
		{6BFA476C-3958-4D77-9AA5-014BD99C2358}.Debug|Any CPU.Build.0 = Debug|Any CPU
		{6BFA476C-3958-4D77-9AA5-014BD99C2358}.Release|Any CPU.ActiveCfg = Release|Any CPU
		{6BFA476C-3958-4D77-9AA5-014BD99C2358}.Release|Any CPU.Build.0 = Release|Any CPU
		{3C8A01A9-79A6-455E-88D2-BD28B15A42D0}.Debug|Any CPU.ActiveCfg = Debug|Any CPU
		{3C8A01A9-79A6-455E-88D2-BD28B15A42D0}.Debug|Any CPU.Build.0 = Debug|Any CPU
		{3C8A01A9-79A6-455E-88D2-BD28B15A42D0}.Release|Any CPU.ActiveCfg = Release|Any CPU
		{3C8A01A9-79A6-455E-88D2-BD28B15A42D0}.Release|Any CPU.Build.0 = Release|Any CPU
	EndGlobalSection
	GlobalSection(SolutionProperties) = preSolution
		HideSolutionNode = FALSE
	EndGlobalSection
	GlobalSection(ExtensibilityGlobals) = postSolution
		SolutionGuid = {E2E7BA2F-DB84-48F4-BE36-AE17ABD2148D}
	EndGlobalSection
EndGlobal
